
Microsoft Visual Studio Solution File, Format Version 12.00
# Visual Studio Version 17
VisualStudioVersion = 17.0.31903.59
MinimumVisualStudioVersion = 10.0.40219.1
Project("{FAE04EC0-301F-11D3-BF4B-00C04F79EFBC}") = "Stilo.Sample.Server", "Stilo.Sample.Server\Stilo.Sample.Server.csproj", "{05274605-EF83-46FE-959A-F8E23683872D}"
EndProject
Project("{FAE04EC0-301F-11D3-BF4B-00C04F79EFBC}") = "Stilo.Sample.Wasm", "Stilo.Sample.Wasm\Stilo.Sample.Wasm.csproj", "{600E02E6-5B24-4661-88E2-15DFC8BBC792}"
EndProject
Global
	GlobalSection(SolutionConfigurationPlatforms) = preSolution
		Debug|Any CPU = Debug|Any CPU
		Debug|x64 = Debug|x64
		Debug|x86 = Debug|x86
		Release|Any CPU = Release|Any CPU
		Release|x64 = Release|x64
		Release|x86 = Release|x86
	EndGlobalSection
	GlobalSection(ProjectConfigurationPlatforms) = postSolution
		{05274605-EF83-46FE-959A-F8E23683872D}.Debug|Any CPU.ActiveCfg = Debug|Any CPU
		{05274605-EF83-46FE-959A-F8E23683872D}.Debug|Any CPU.Build.0 = Debug|Any CPU
		{05274605-EF83-46FE-959A-F8E23683872D}.Debug|x64.ActiveCfg = Debug|Any CPU
		{05274605-EF83-46FE-959A-F8E23683872D}.Debug|x64.Build.0 = Debug|Any CPU
		{05274605-EF83-46FE-959A-F8E23683872D}.Debug|x86.ActiveCfg = Debug|Any CPU
		{05274605-EF83-46FE-959A-F8E23683872D}.Debug|x86.Build.0 = Debug|Any CPU
		{05274605-EF83-46FE-959A-F8E23683872D}.Release|Any CPU.ActiveCfg = Release|Any CPU
		{05274605-EF83-46FE-959A-F8E23683872D}.Release|Any CPU.Build.0 = Release|Any CPU
		{05274605-EF83-46FE-959A-F8E23683872D}.Release|x64.ActiveCfg = Release|Any CPU
		{05274605-EF83-46FE-959A-F8E23683872D}.Release|x64.Build.0 = Release|Any CPU
		{05274605-EF83-46FE-959A-F8E23683872D}.Release|x86.ActiveCfg = Release|Any CPU
		{05274605-EF83-46FE-959A-F8E23683872D}.Release|x86.Build.0 = Release|Any CPU
		{600E02E6-5B24-4661-88E2-15DFC8BBC792}.Debug|Any CPU.ActiveCfg = Debug|Any CPU
		{600E02E6-5B24-4661-88E2-15DFC8BBC792}.Debug|Any CPU.Build.0 = Debug|Any CPU
		{600E02E6-5B24-4661-88E2-15DFC8BBC792}.Debug|x64.ActiveCfg = Debug|Any CPU
		{600E02E6-5B24-4661-88E2-15DFC8BBC792}.Debug|x64.Build.0 = Debug|Any CPU
		{600E02E6-5B24-4661-88E2-15DFC8BBC792}.Debug|x86.ActiveCfg = Debug|Any CPU
		{600E02E6-5B24-4661-88E2-15DFC8BBC792}.Debug|x86.Build.0 = Debug|Any CPU
		{600E02E6-5B24-4661-88E2-15DFC8BBC792}.Release|Any CPU.ActiveCfg = Release|Any CPU
		{600E02E6-5B24-4661-88E2-15DFC8BBC792}.Release|Any CPU.Build.0 = Release|Any CPU
		{600E02E6-5B24-4661-88E2-15DFC8BBC792}.Release|x64.ActiveCfg = Release|Any CPU
		{600E02E6-5B24-4661-88E2-15DFC8BBC792}.Release|x64.Build.0 = Release|Any CPU
		{600E02E6-5B24-4661-88E2-15DFC8BBC792}.Release|x86.ActiveCfg = Release|Any CPU
		{600E02E6-5B24-4661-88E2-15DFC8BBC792}.Release|x86.Build.0 = Release|Any CPU
	EndGlobalSection
	GlobalSection(SolutionProperties) = preSolution
		HideSolutionNode = FALSE
	EndGlobalSection
EndGlobal
